// !$*UTF8*$!
{
	archiveVersion = 1;
	classes = {
	};
	objectVersion = 77;
	objects = {

/* Begin PBXBuildFile section */
		A10000000000000000000101 /* models.json in Resources */ = {isa = PBXBuildFile; fileRef = A10000000000000000000201 /* models.json */; };
		A10000000000000000000102 /* LlamaFoundationModels in Frameworks */ = {isa = PBXBuildFile; productRef = A10000000000000000000701 /* LlamaFoundationModels */; };
		A10000000000000000000103 /* LlamaEngine in Frameworks */ = {isa = PBXBuildFile; productRef = A10000000000000000000702 /* LlamaEngine */; };
		A10000000000000000000104 /* TestHTTPServer.swift in Sources */ = {isa = PBXBuildFile; fileRef = A10000000000000000000202 /* TestHTTPServer.swift */; };
/* End PBXBuildFile section */

/* Begin PBXContainerItemProxy section */
		A10000000000000000000801 /* PBXContainerItemProxy */ = {
			isa = PBXContainerItemProxy;
			containerPortal = A10000000000000000000001 /* Project object */;
			proxyType = 1;
			remoteGlobalIDString = A10000000000000000000401;
			remoteInfo = LlamaFMDemo;
		};
		A10000000000000000000803 /* PBXContainerItemProxy */ = {
			isa = PBXContainerItemProxy;
			containerPortal = A10000000000000000000001 /* Project object */;
			proxyType = 1;
			remoteGlobalIDString = A10000000000000000000401;
			remoteInfo = LlamaFMDemo;
		};
/* End PBXContainerItemProxy section */

/* Begin PBXFileReference section */
		A10000000000000000000201 /* models.json */ = {isa = PBXFileReference; lastKnownFileType = text.json; name = models.json; path = ../../bindings/apple/Catalog/models.json; sourceTree = "<group>"; };
		A10000000000000000000202 /* TestHTTPServer.swift */ = {isa = PBXFileReference; lastKnownFileType = sourcecode.swift; name = TestHTTPServer.swift; path = ../../bindings/apple/Tests/LlamaEngineTests/TestHTTPServer.swift; sourceTree = "<group>"; };
		A10000000000000000000203 /* LlamaFMDemo-iOS.entitlements */ = {isa = PBXFileReference; lastKnownFileType = text.plist.entitlements; path = "LlamaFMDemo-iOS.entitlements"; sourceTree = "<group>"; };
		A10000000000000000000301 /* LlamaFMDemo.app */ = {isa = PBXFileReference; explicitFileType = wrapper.application; includeInIndex = 0; path = LlamaFMDemo.app; sourceTree = BUILT_PRODUCTS_DIR; };
		A10000000000000000000302 /* LlamaFMDemoTests.xctest */ = {isa = PBXFileReference; explicitFileType = wrapper.cfbundle; includeInIndex = 0; path = LlamaFMDemoTests.xctest; sourceTree = BUILT_PRODUCTS_DIR; };
		A10000000000000000000303 /* LlamaFMDemoUITests.xctest */ = {isa = PBXFileReference; explicitFileType = wrapper.cfbundle; includeInIndex = 0; path = LlamaFMDemoUITests.xctest; sourceTree = BUILT_PRODUCTS_DIR; };
/* End PBXFileReference section */

/* Begin PBXFileSystemSynchronizedRootGroup section */
		A10000000000000000000501 /* LlamaFMDemo */ = {
			isa = PBXFileSystemSynchronizedRootGroup;
			path = LlamaFMDemo;
			sourceTree = "<group>";
		};
		A10000000000000000000502 /* LlamaFMDemoTests */ = {
			isa = PBXFileSystemSynchronizedRootGroup;
			path = LlamaFMDemoTests;
			sourceTree = "<group>";
		};
		A10000000000000000000503 /* LlamaFMDemoUITests */ = {
			isa = PBXFileSystemSynchronizedRootGroup;
			path = LlamaFMDemoUITests;
			sourceTree = "<group>";
		};
/* End PBXFileSystemSynchronizedRootGroup section */

/* Begin PBXFrameworksBuildPhase section */
		A10000000000000000000602 /* Frameworks */ = {
			isa = PBXFrameworksBuildPhase;
			buildActionMask = 2147483647;
			files = (
				A10000000000000000000102 /* LlamaFoundationModels in Frameworks */,
				A10000000000000000000103 /* LlamaEngine in Frameworks */,
			);
			runOnlyForDeploymentPostprocessing = 0;
		};
		A10000000000000000000612 /* Frameworks */ = {
			isa = PBXFrameworksBuildPhase;
			buildActionMask = 2147483647;
			files = (
			);
			runOnlyForDeploymentPostprocessing = 0;
		};
		A10000000000000000000622 /* Frameworks */ = {
			isa = PBXFrameworksBuildPhase;
			buildActionMask = 2147483647;
			files = (
			);
			runOnlyForDeploymentPostprocessing = 0;
		};
/* End PBXFrameworksBuildPhase section */

/* Begin PBXGroup section */
		A10000000000000000000002 = {
			isa = PBXGroup;
			children = (
				A10000000000000000000501 /* LlamaFMDemo */,
				A10000000000000000000502 /* LlamaFMDemoTests */,
				A10000000000000000000503 /* LlamaFMDemoUITests */,
				A10000000000000000000004 /* Config */,
				A10000000000000000000005 /* Shared */,
				A10000000000000000000003 /* Products */,
			);
			sourceTree = "<group>";
		};
		A10000000000000000000003 /* Products */ = {
			isa = PBXGroup;
			children = (
				A10000000000000000000301 /* LlamaFMDemo.app */,
				A10000000000000000000302 /* LlamaFMDemoTests.xctest */,
				A10000000000000000000303 /* LlamaFMDemoUITests.xctest */,
			);
			name = Products;
			sourceTree = "<group>";
		};
		A10000000000000000000004 /* Config */ = {
			isa = PBXGroup;
			children = (
				A10000000000000000000203 /* LlamaFMDemo-iOS.entitlements */,
			);
			path = Config;
			sourceTree = "<group>";
		};
		A10000000000000000000005 /* Shared */ = {
			isa = PBXGroup;
			children = (
				A10000000000000000000201 /* models.json */,
				A10000000000000000000202 /* TestHTTPServer.swift */,
			);
			name = Shared;
			sourceTree = "<group>";
		};
/* End PBXGroup section */

/* Begin PBXNativeTarget section */
		A10000000000000000000401 /* LlamaFMDemo */ = {
			isa = PBXNativeTarget;
			buildConfigurationList = A10000000000000000000903 /* Build configuration list for PBXNativeTarget "LlamaFMDemo" */;
			buildPhases = (
				A10000000000000000000601 /* Sources */,
				A10000000000000000000602 /* Frameworks */,
				A10000000000000000000603 /* Resources */,
			);
			buildRules = (
			);
			dependencies = (
			);
			fileSystemSynchronizedGroups = (
				A10000000000000000000501 /* LlamaFMDemo */,
			);
			name = LlamaFMDemo;
			packageProductDependencies = (
				A10000000000000000000701 /* LlamaFoundationModels */,
				A10000000000000000000702 /* LlamaEngine */,
			);
			productName = LlamaFMDemo;
			productReference = A10000000000000000000301 /* LlamaFMDemo.app */;
			productType = "com.apple.product-type.application";
		};
		A10000000000000000000402 /* LlamaFMDemoTests */ = {
			isa = PBXNativeTarget;
			buildConfigurationList = A10000000000000000000904 /* Build configuration list for PBXNativeTarget "LlamaFMDemoTests" */;
			buildPhases = (
				A10000000000000000000611 /* Sources */,
				A10000000000000000000612 /* Frameworks */,
				A10000000000000000000613 /* Resources */,
			);
			buildRules = (
			);
			dependencies = (
				A10000000000000000000802 /* PBXTargetDependency */,
			);
			fileSystemSynchronizedGroups = (
				A10000000000000000000502 /* LlamaFMDemoTests */,
			);
			name = LlamaFMDemoTests;
			productName = LlamaFMDemoTests;
			productReference = A10000000000000000000302 /* LlamaFMDemoTests.xctest */;
			productType = "com.apple.product-type.bundle.unit-test";
		};
		A10000000000000000000403 /* LlamaFMDemoUITests */ = {
			isa = PBXNativeTarget;
			buildConfigurationList = A10000000000000000000905 /* Build configuration list for PBXNativeTarget "LlamaFMDemoUITests" */;
			buildPhases = (
				A10000000000000000000621 /* Sources */,
				A10000000000000000000622 /* Frameworks */,
				A10000000000000000000623 /* Resources */,
			);
			buildRules = (
			);
			dependencies = (
				A10000000000000000000804 /* PBXTargetDependency */,
			);
			fileSystemSynchronizedGroups = (
				A10000000000000000000503 /* LlamaFMDemoUITests */,
			);
			name = LlamaFMDemoUITests;
			productName = LlamaFMDemoUITests;
			productReference = A10000000000000000000303 /* LlamaFMDemoUITests.xctest */;
			productType = "com.apple.product-type.bundle.ui-testing";
		};
/* End PBXNativeTarget section */

/* Begin PBXProject section */
		A10000000000000000000001 /* Project object */ = {
			isa = PBXProject;
			attributes = {
				BuildIndependentTargetsInParallel = 1;
				LastSwiftUpdateCheck = 2700;
				LastUpgradeCheck = 2700;
				TargetAttributes = {
					A10000000000000000000401 = {
						CreatedOnToolsVersion = 27.0;
					};
					A10000000000000000000402 = {
						CreatedOnToolsVersion = 27.0;
						TestTargetID = A10000000000000000000401;
					};
					A10000000000000000000403 = {
						CreatedOnToolsVersion = 27.0;
						TestTargetID = A10000000000000000000401;
					};
				};
			};
			buildConfigurationList = A10000000000000000000901 /* Build configuration list for PBXProject "LlamaFMDemo" */;
			developmentRegion = en;
			hasScannedForEncodings = 0;
			knownRegions = (
				en,
				Base,
			);
			mainGroup = A10000000000000000000002;
			minimizedProjectReferenceProxies = 1;
			packageReferences = (
				A10000000000000000000700 /* XCLocalSwiftPackageReference "../../bindings/apple" */,
			);
			preferredProjectObjectVersion = 77;
			productRefGroup = A10000000000000000000003 /* Products */;
			projectDirPath = "";
			projectRoot = "";
			targets = (
				A10000000000000000000401 /* LlamaFMDemo */,
				A10000000000000000000402 /* LlamaFMDemoTests */,
				A10000000000000000000403 /* LlamaFMDemoUITests */,
			);
		};
/* End PBXProject section */

/* Begin PBXResourcesBuildPhase section */
		A10000000000000000000603 /* Resources */ = {
			isa = PBXResourcesBuildPhase;
			buildActionMask = 2147483647;
			files = (
				A10000000000000000000101 /* models.json in Resources */,
			);
			runOnlyForDeploymentPostprocessing = 0;
		};
		A10000000000000000000613 /* Resources */ = {
			isa = PBXResourcesBuildPhase;
			buildActionMask = 2147483647;
			files = (
			);
			runOnlyForDeploymentPostprocessing = 0;
		};
		A10000000000000000000623 /* Resources */ = {
			isa = PBXResourcesBuildPhase;
			buildActionMask = 2147483647;
			files = (
			);
			runOnlyForDeploymentPostprocessing = 0;
		};
/* End PBXResourcesBuildPhase section */

/* Begin PBXSourcesBuildPhase section */
		A10000000000000000000601 /* Sources */ = {
			isa = PBXSourcesBuildPhase;
			buildActionMask = 2147483647;
			files = (
			);
			runOnlyForDeploymentPostprocessing = 0;
		};
		A10000000000000000000611 /* Sources */ = {
			isa = PBXSourcesBuildPhase;
			buildActionMask = 2147483647;
			files = (
				A10000000000000000000104 /* TestHTTPServer.swift in Sources */,
			);
			runOnlyForDeploymentPostprocessing = 0;
		};
		A10000000000000000000621 /* Sources */ = {
			isa = PBXSourcesBuildPhase;
			buildActionMask = 2147483647;
			files = (
			);
			runOnlyForDeploymentPostprocessing = 0;
		};
/* End PBXSourcesBuildPhase section */

/* Begin PBXTargetDependency section */
		A10000000000000000000802 /* PBXTargetDependency */ = {
			isa = PBXTargetDependency;
			target = A10000000000000000000401 /* LlamaFMDemo */;
			targetProxy = A10000000000000000000801 /* PBXContainerItemProxy */;
		};
		A10000000000000000000804 /* PBXTargetDependency */ = {
			isa = PBXTargetDependency;
			target = A10000000000000000000401 /* LlamaFMDemo */;
			targetProxy = A10000000000000000000803 /* PBXContainerItemProxy */;
		};
/* End PBXTargetDependency section */

/* Begin XCBuildConfiguration section */
		A10000000000000000000941 /* Debug */ = {
			isa = XCBuildConfiguration;
			buildSettings = {
				CODE_SIGN_STYLE = Automatic;
				CURRENT_PROJECT_VERSION = 1;
				GENERATE_INFOPLIST_FILE = YES;
				MARKETING_VERSION = 1.0;
				PRODUCT_BUNDLE_IDENTIFIER = "org.ggml.llama.foundationmodels-demo.uitests";
				PRODUCT_NAME = "$(TARGET_NAME)";
				SDKROOT = auto;
				SUPPORTED_PLATFORMS = "iphoneos iphonesimulator macosx";
				SUPPORTS_MACCATALYST = NO;
				SWIFT_EMIT_LOC_STRINGS = NO;
				TARGETED_DEVICE_FAMILY = "1,2";
				TEST_TARGET_NAME = LlamaFMDemo;
			};
			name = Debug;
		};
		A10000000000000000000942 /* Release */ = {
			isa = XCBuildConfiguration;
			buildSettings = {
				CODE_SIGN_STYLE = Automatic;
				CURRENT_PROJECT_VERSION = 1;
				GENERATE_INFOPLIST_FILE = YES;
				MARKETING_VERSION = 1.0;
				PRODUCT_BUNDLE_IDENTIFIER = "org.ggml.llama.foundationmodels-demo.uitests";
				PRODUCT_NAME = "$(TARGET_NAME)";
				SDKROOT = auto;
				SUPPORTED_PLATFORMS = "iphoneos iphonesimulator macosx";
				SUPPORTS_MACCATALYST = NO;
				SWIFT_EMIT_LOC_STRINGS = NO;
				TARGETED_DEVICE_FAMILY = "1,2";
				TEST_TARGET_NAME = LlamaFMDemo;
			};
			name = Release;
		};
		A10000000000000000000911 /* Debug */ = {
			isa = XCBuildConfiguration;
			buildSettings = {
				ALWAYS_SEARCH_USER_PATHS = NO;
				ASSETCATALOG_COMPILER_GENERATE_SWIFT_ASSET_SYMBOL_EXTENSIONS = YES;
				CLANG_ENABLE_MODULES = YES;
				CLANG_ENABLE_OBJC_ARC = YES;
				COPY_PHASE_STRIP = NO;
				DEBUG_INFORMATION_FORMAT = dwarf;
				ENABLE_STRICT_OBJC_MSGSEND = YES;
				ENABLE_TESTABILITY = YES;
				ENABLE_USER_SCRIPT_SANDBOXING = YES;
				GCC_OPTIMIZATION_LEVEL = 0;
				GCC_PREPROCESSOR_DEFINITIONS = (
					"DEBUG=1",
					"$(inherited)",
				);
				IPHONEOS_DEPLOYMENT_TARGET = 27.0;
				MACOSX_DEPLOYMENT_TARGET = 27.0;
				ONLY_ACTIVE_ARCH = YES;
				SWIFT_ACTIVE_COMPILATION_CONDITIONS = "DEBUG $(inherited)";
				SWIFT_OPTIMIZATION_LEVEL = "-Onone";
				SWIFT_VERSION = 6.0;
			};
			name = Debug;
		};
		A10000000000000000000912 /* Release */ = {
			isa = XCBuildConfiguration;
			buildSettings = {
				ALWAYS_SEARCH_USER_PATHS = NO;
				ASSETCATALOG_COMPILER_GENERATE_SWIFT_ASSET_SYMBOL_EXTENSIONS = YES;
				CLANG_ENABLE_MODULES = YES;
				CLANG_ENABLE_OBJC_ARC = YES;
				COPY_PHASE_STRIP = NO;
				DEBUG_INFORMATION_FORMAT = "dwarf-with-dsym";
				ENABLE_NS_ASSERTIONS = NO;
				ENABLE_STRICT_OBJC_MSGSEND = YES;
				ENABLE_USER_SCRIPT_SANDBOXING = YES;
				IPHONEOS_DEPLOYMENT_TARGET = 27.0;
				MACOSX_DEPLOYMENT_TARGET = 27.0;
				SWIFT_COMPILATION_MODE = wholemodule;
				SWIFT_VERSION = 6.0;
				VALIDATE_PRODUCT = YES;
			};
			name = Release;
		};
		A10000000000000000000921 /* Debug */ = {
			isa = XCBuildConfiguration;
			buildSettings = {
				CODE_SIGN_STYLE = Automatic;
				"CODE_SIGN_ENTITLEMENTS[sdk=iphoneos*]" = "Config/LlamaFMDemo-iOS.entitlements";
				CURRENT_PROJECT_VERSION = 1;
				ENABLE_APP_SANDBOX = YES;
				ENABLE_HARDENED_RUNTIME = YES;
				ENABLE_OUTGOING_NETWORK_CONNECTIONS = YES;
				ENABLE_PREVIEWS = YES;
				ENABLE_USER_SELECTED_FILES = readonly;
				GENERATE_INFOPLIST_FILE = YES;
				INFOPLIST_KEY_CFBundleDisplayName = "llama.cpp FM";
				INFOPLIST_KEY_LSApplicationCategoryType = "public.app-category.developer-tools";
				"INFOPLIST_KEY_UIApplicationSceneManifest_Generation[sdk=iphone*]" = YES;
				"INFOPLIST_KEY_UIApplicationSupportsIndirectInputEvents[sdk=iphone*]" = YES;
				"INFOPLIST_KEY_UILaunchScreen_Generation[sdk=iphone*]" = YES;
				INFOPLIST_KEY_UISupportedInterfaceOrientations_iPad = "UIInterfaceOrientationPortrait UIInterfaceOrientationPortraitUpsideDown UIInterfaceOrientationLandscapeLeft UIInterfaceOrientationLandscapeRight";
				INFOPLIST_KEY_UISupportedInterfaceOrientations_iPhone = "UIInterfaceOrientationPortrait UIInterfaceOrientationLandscapeLeft UIInterfaceOrientationLandscapeRight";
				LD_RUNPATH_SEARCH_PATHS = (
					"$(inherited)",
					"@executable_path/Frameworks",
				);
				"LD_RUNPATH_SEARCH_PATHS[sdk=macosx*]" = (
					"$(inherited)",
					"@executable_path/../Frameworks",
				);
				MARKETING_VERSION = 1.0;
				PRODUCT_BUNDLE_IDENTIFIER = "org.ggml.llama.foundationmodels-demo";
				PRODUCT_NAME = "$(TARGET_NAME)";
				SDKROOT = auto;
				SUPPORTED_PLATFORMS = "iphoneos iphonesimulator macosx";
				SUPPORTS_MACCATALYST = NO;
				SWIFT_EMIT_LOC_STRINGS = YES;
				TARGETED_DEVICE_FAMILY = "1,2";
			};
			name = Debug;
		};
		A10000000000000000000922 /* Release */ = {
			isa = XCBuildConfiguration;
			buildSettings = {
				CODE_SIGN_STYLE = Automatic;
				"CODE_SIGN_ENTITLEMENTS[sdk=iphoneos*]" = "Config/LlamaFMDemo-iOS.entitlements";
				CURRENT_PROJECT_VERSION = 1;
				ENABLE_APP_SANDBOX = YES;
				ENABLE_HARDENED_RUNTIME = YES;
				ENABLE_OUTGOING_NETWORK_CONNECTIONS = YES;
				ENABLE_PREVIEWS = YES;
				ENABLE_USER_SELECTED_FILES = readonly;
				GENERATE_INFOPLIST_FILE = YES;
				INFOPLIST_KEY_CFBundleDisplayName = "llama.cpp FM";
				INFOPLIST_KEY_LSApplicationCategoryType = "public.app-category.developer-tools";
				"INFOPLIST_KEY_UIApplicationSceneManifest_Generation[sdk=iphone*]" = YES;
				"INFOPLIST_KEY_UIApplicationSupportsIndirectInputEvents[sdk=iphone*]" = YES;
				"INFOPLIST_KEY_UILaunchScreen_Generation[sdk=iphone*]" = YES;
				INFOPLIST_KEY_UISupportedInterfaceOrientations_iPad = "UIInterfaceOrientationPortrait UIInterfaceOrientationPortraitUpsideDown UIInterfaceOrientationLandscapeLeft UIInterfaceOrientationLandscapeRight";
				INFOPLIST_KEY_UISupportedInterfaceOrientations_iPhone = "UIInterfaceOrientationPortrait UIInterfaceOrientationLandscapeLeft UIInterfaceOrientationLandscapeRight";
				LD_RUNPATH_SEARCH_PATHS = (
					"$(inherited)",
					"@executable_path/Frameworks",
				);
				"LD_RUNPATH_SEARCH_PATHS[sdk=macosx*]" = (
					"$(inherited)",
					"@executable_path/../Frameworks",
				);
				MARKETING_VERSION = 1.0;
				PRODUCT_BUNDLE_IDENTIFIER = "org.ggml.llama.foundationmodels-demo";
				PRODUCT_NAME = "$(TARGET_NAME)";
				SDKROOT = auto;
				SUPPORTED_PLATFORMS = "iphoneos iphonesimulator macosx";
				SUPPORTS_MACCATALYST = NO;
				SWIFT_EMIT_LOC_STRINGS = YES;
				TARGETED_DEVICE_FAMILY = "1,2";
			};
			name = Release;
		};
		A10000000000000000000931 /* Debug */ = {
			isa = XCBuildConfiguration;
			buildSettings = {
				BUNDLE_LOADER = "$(TEST_HOST)";
				CODE_SIGN_STYLE = Automatic;
				CURRENT_PROJECT_VERSION = 1;
				GENERATE_INFOPLIST_FILE = YES;
				MARKETING_VERSION = 1.0;
				PRODUCT_BUNDLE_IDENTIFIER = "org.ggml.llama.foundationmodels-demo.tests";
				PRODUCT_NAME = "$(TARGET_NAME)";
				SDKROOT = auto;
				SUPPORTED_PLATFORMS = "iphoneos iphonesimulator macosx";
				SUPPORTS_MACCATALYST = NO;
				SWIFT_EMIT_LOC_STRINGS = NO;
				TARGETED_DEVICE_FAMILY = "1,2";
				TEST_HOST = "$(BUILT_PRODUCTS_DIR)/LlamaFMDemo.app/$(BUNDLE_EXECUTABLE_FOLDER_PATH)/LlamaFMDemo";
			};
			name = Debug;
		};
		A10000000000000000000932 /* Release */ = {
			isa = XCBuildConfiguration;
			buildSettings = {
				BUNDLE_LOADER = "$(TEST_HOST)";
				CODE_SIGN_STYLE = Automatic;
				CURRENT_PROJECT_VERSION = 1;
				GENERATE_INFOPLIST_FILE = YES;
				MARKETING_VERSION = 1.0;
				PRODUCT_BUNDLE_IDENTIFIER = "org.ggml.llama.foundationmodels-demo.tests";
				PRODUCT_NAME = "$(TARGET_NAME)";
				SDKROOT = auto;
				SUPPORTED_PLATFORMS = "iphoneos iphonesimulator macosx";
				SUPPORTS_MACCATALYST = NO;
				SWIFT_EMIT_LOC_STRINGS = NO;
				TARGETED_DEVICE_FAMILY = "1,2";
				TEST_HOST = "$(BUILT_PRODUCTS_DIR)/LlamaFMDemo.app/$(BUNDLE_EXECUTABLE_FOLDER_PATH)/LlamaFMDemo";
			};
			name = Release;
		};
/* End XCBuildConfiguration section */

/* Begin XCConfigurationList section */
		A10000000000000000000905 /* Build configuration list for PBXNativeTarget "LlamaFMDemoUITests" */ = {
			isa = XCConfigurationList;
			buildConfigurations = (
				A10000000000000000000941 /* Debug */,
				A10000000000000000000942 /* Release */,
			);
			defaultConfigurationIsVisible = 0;
			defaultConfigurationName = Release;
		};
		A10000000000000000000901 /* Build configuration list for PBXProject "LlamaFMDemo" */ = {
			isa = XCConfigurationList;
			buildConfigurations = (
				A10000000000000000000911 /* Debug */,
				A10000000000000000000912 /* Release */,
			);
			defaultConfigurationIsVisible = 0;
			defaultConfigurationName = Release;
		};
		A10000000000000000000903 /* Build configuration list for PBXNativeTarget "LlamaFMDemo" */ = {
			isa = XCConfigurationList;
			buildConfigurations = (
				A10000000000000000000921 /* Debug */,
				A10000000000000000000922 /* Release */,
			);
			defaultConfigurationIsVisible = 0;
			defaultConfigurationName = Release;
		};
		A10000000000000000000904 /* Build configuration list for PBXNativeTarget "LlamaFMDemoTests" */ = {
			isa = XCConfigurationList;
			buildConfigurations = (
				A10000000000000000000931 /* Debug */,
				A10000000000000000000932 /* Release */,
			);
			defaultConfigurationIsVisible = 0;
			defaultConfigurationName = Release;
		};
/* End XCConfigurationList section */

/* Begin XCLocalSwiftPackageReference section */
		A10000000000000000000700 /* XCLocalSwiftPackageReference "../../bindings/apple" */ = {
			isa = XCLocalSwiftPackageReference;
			relativePath = ../../bindings/apple;
		};
/* End XCLocalSwiftPackageReference section */

/* Begin XCSwiftPackageProductDependency section */
		A10000000000000000000701 /* LlamaFoundationModels */ = {
			isa = XCSwiftPackageProductDependency;
			productName = LlamaFoundationModels;
		};
		A10000000000000000000702 /* LlamaEngine */ = {
			isa = XCSwiftPackageProductDependency;
			productName = LlamaEngine;
		};
/* End XCSwiftPackageProductDependency section */
	};
	rootObject = A10000000000000000000001 /* Project object */;
}
